<?xml version="1.0" encoding="UTF-8" standalone="yes" ?>
<CodeBlocks_project_file>
	<FileVersion major="1" minor="6" />
	<Project>
		<Option title="ДКР" />
		<Option pch_mode="2" />
		<Option compiler="gcc" />
		<Build>
			<Target title="Debug">
				<Option output="bin/Debug/ДКР" prefix_auto="1" extension_auto="1" />
				<Option object_output="obj/Debug/" />
				<Option type="1" />
				<Option compiler="gcc" />
				<Compiler>
					<Add option="-g" />
				</Compiler>
			</Target>
			<Target title="Release">
				<Option output="bin/Release/ДКР" prefix_auto="1" extension_auto="1" />
				<Option object_output="obj/Release/" />
				<Option type="1" />
				<Option compiler="gcc" />
				<Compiler>
					<Add option="-O2" />
				</Compiler>
				<Linker>
					<Add option="-s" />
				</Linker>
			</Target>
		</Build>
		<Compiler>
			<Add option="-Wall" />
			<Add option="-fexceptions" />
		</Compiler>
		<Unit filename="../../../Другий семестр 6.02.23/С++/KONorev/Book.cpp" />
		<Unit filename="../../../Другий семестр 6.02.23/С++/KONorev/Book.h" />
		<Unit filename="../../../Другий семестр 6.02.23/С++/KONorev/Interface.cpp" />
		<Unit filename="../../../Другий семестр 6.02.23/С++/KONorev/Interface.h" />
		<Unit filename="../../../Другий семестр 6.02.23/С++/KONorev/Logger.cpp" />
		<Unit filename="../../../Другий семестр 6.02.23/С++/KONorev/Logger.h" />
		<Unit filename="../../../Другий семестр 6.02.23/С++/KONorev/main.cpp" />
		<Extensions>
			<lib_finder disable_auto="1" />
		</Extensions>
	</Project>
</CodeBlocks_project_file>
